{
  "nodes": {
    "devenv": {
      "locked": {
        "dir": "src/modules",
        "lastModified": 1788303825,
        "narHash": "sha256-R1tqmYSV5yVTqmy+uISsSn+eEiqgW0F49orOHCOBSts=",
        "owner": "cachix",
        "repo": "devenv",
        "rev": "df5c75a82c3ac3d70a13c90fb869b7e44470a118",
        "type": "github"
      },
      "original": {
        "dir": "src/modules",
        "owner": "cachix",
        "repo": "devenv",
        "type": "github"
      }
    },
    "fenix": {
      "inputs": {
        "nixpkgs": [
          "nixpkgs"
        ],
        "rust-analyzer-src": "rust-analyzer-src"
      },
      "locked": {
        "lastModified": 1788346739,
        "narHash": "sha256-HpGm7QcCFlSXTC4Ezq2t5MGs/KuGzI8vfWR3+vmnv5c=",
        "owner": "nix-community",
        "repo": "fenix",
        "rev": "4194c79cbcd869d4640cde8933811559f108c298",
        "type": "github"
      },
      "original": {
        "owner": "nix-community",
        "repo": "fenix",
        "type": "github"
      }
    },
    "nixpkgs": {
      "inputs": {
        "nixpkgs-src": "nixpkgs-src"
      },
      "locked": {
        "lastModified": 1787753358,
        "narHash": "sha256-Tl77VbWyAKrOfRNQhL6JbQtb/MLzbYa/1RG1gWWfICk=",
        "owner": "cachix",
        "repo": "devenv-nixpkgs",
        "rev": "256551e45f6303e142ab4a98be1bf243feb77dc0",
        "type": "github"
      },
      "original": {
        "owner": "cachix",
        "ref": "rolling",
        "repo": "devenv-nixpkgs",
        "type": "github"
      }
    },
    "nixpkgs-src": {
      "flake": false,
      "locked": {
        "lastModified": 1787394516,
        "narHash": "sha256-pRGOQSClnXNI2iLUG6DYpsGvYcuw0drOutVZFTJNw90=",
        "owner": "NixOS",
        "repo": "nixpkgs",
        "rev": "c8f90650c15282fa8656a041bfbbd2403997a9a7",
        "type": "github"
      },
      "original": {
        "owner": "NixOS",
        "ref": "nixpkgs-unstable",
        "repo": "nixpkgs",
        "type": "github"
      }
    },
    "root": {
      "inputs": {
        "devenv": "devenv",
        "fenix": "fenix",
        "nixpkgs": "nixpkgs",
        "rust-overlay": "rust-overlay",
        "wasm_bindgen_cli": "wasm_bindgen_cli"
      }
    },
    "rust-analyzer-src": {
      "flake": false,
      "locked": {
        "lastModified": 1788279011,
        "narHash": "sha256-i4N7A1zHd5w0vpdvknGUZNe6emNprT6H8GZS7cHKwcw=",
        "owner": "rust-lang",
        "repo": "rust-analyzer",
        "rev": "4dd3ff6c8c6a8cbb1cce44513cbc86f9f02e43b6",
        "type": "github"
      },
      "original": {
        "owner": "rust-lang",
        "ref": "nightly",
        "repo": "rust-analyzer",
        "type": "github"
      }
    },
    "rust-overlay": {
      "inputs": {
        "nixpkgs": [
          "nixpkgs"
        ]
      },
      "locked": {
        "lastModified": 1788332415,
        "narHash": "sha256-BTFrmyh0oaVDsvA9NNw0YpbbeppTwU0t70iVx672Ew8=",
        "owner": "oxalica",
        "repo": "rust-overlay",
        "rev": "860d7c835ab91bfc8972b67092f5f2db8e9390a0",
        "type": "github"
      },
      "original": {
        "owner": "oxalica",
        "repo": "rust-overlay",
        "type": "github"
      }
    },
    "wasm_bindgen_cli": {
      "locked": {
        "lastModified": 1788278324,
        "narHash": "sha256-fWEPF0jGjnPz/3nODNDuiyYttkhZ3zyv+gmALxb8OEo=",
        "owner": "NixOS",
        "repo": "nixpkgs",
        "rev": "f30aa4769a8db4d508a1e15947c7328de63bd256",
        "type": "github"
      },
      "original": {
        "owner": "NixOS",
        "repo": "nixpkgs",
        "rev": "f30aa4769a8db4d508a1e15947c7328de63bd256",
        "type": "github"
      }
    }
  },
  "root": "root",
  "version": 7
}